
Microsoft Visual Studio Solution File, Format Version 12.00
# Visual Studio Version 17
VisualStudioVersion = 17.4.33213.308
MinimumVisualStudioVersion = 10.0.40219.1
Project("{FAE04EC0-301F-11D3-BF4B-00C04F79EFBC}") = "Ejercicio 9", "Ejercicio 9\Ejercicio 9.csproj", "{5F334FEC-BB87-45E7-B3EE-2F17B11C557D}"
EndProject
Global
	GlobalSection(SolutionConfigurationPlatforms) = preSolution
		Debug|Any CPU = Debug|Any CPU
		Release|Any CPU = Release|Any CPU
	EndGlobalSection
	GlobalSection(ProjectConfigurationPlatforms) = postSolution
		{5F334FEC-BB87-45E7-B3EE-2F17B11C557D}.Debug|Any CPU.ActiveCfg = Debug|Any CPU
		{5F334FEC-BB87-45E7-B3EE-2F17B11C557D}.Debug|Any CPU.Build.0 = Debug|Any CPU
		{5F334FEC-BB87-45E7-B3EE-2F17B11C557D}.Release|Any CPU.ActiveCfg = Release|Any CPU
		{5F334FEC-BB87-45E7-B3EE-2F17B11C557D}.Release|Any CPU.Build.0 = Release|Any CPU
	EndGlobalSection
	GlobalSection(SolutionProperties) = preSolution
		HideSolutionNode = FALSE
	EndGlobalSection
	GlobalSection(ExtensibilityGlobals) = postSolution
		SolutionGuid = {F46DBB6B-EADC-47FC-B414-D692EF3E5AC9}
	EndGlobalSection
EndGlobal
