
Microsoft Visual Studio Solution File, Format Version 12.00
# Visual Studio Version 17
VisualStudioVersion = 17.4.33213.308
MinimumVisualStudioVersion = 10.0.40219.1
Project("{FAE04EC0-301F-11D3-BF4B-00C04F79EFBC}") = "Ejercicio 1", "Ejercicio 1\Ejercicio 1.csproj", "{EA4B099F-03D1-4815-8110-B21E106F22E0}"
EndProject
Global
	GlobalSection(SolutionConfigurationPlatforms) = preSolution
		Debug|Any CPU = Debug|Any CPU
		Release|Any CPU = Release|Any CPU
	EndGlobalSection
	GlobalSection(ProjectConfigurationPlatforms) = postSolution
		{EA4B099F-03D1-4815-8110-B21E106F22E0}.Debug|Any CPU.ActiveCfg = Debug|Any CPU
		{EA4B099F-03D1-4815-8110-B21E106F22E0}.Debug|Any CPU.Build.0 = Debug|Any CPU
		{EA4B099F-03D1-4815-8110-B21E106F22E0}.Release|Any CPU.ActiveCfg = Release|Any CPU
		{EA4B099F-03D1-4815-8110-B21E106F22E0}.Release|Any CPU.Build.0 = Release|Any CPU
	EndGlobalSection
	GlobalSection(SolutionProperties) = preSolution
		HideSolutionNode = FALSE
	EndGlobalSection
	GlobalSection(ExtensibilityGlobals) = postSolution
		SolutionGuid = {366300CA-11E4-4D3F-BDBE-9E3B85DEED3D}
	EndGlobalSection
EndGlobal
